
Microsoft Visual Studio Solution File, Format Version 12.00
# Visual Studio Version 16
VisualStudioVersion = 16.0.31729.503
MinimumVisualStudioVersion = 10.0.40219.1
Project("{9A19103F-16F7-4668-BE54-9A1E7A4F7556}") = "HCA.LabReports.API", "C:\Users\Admin\Desktop\HCA API\HCA.API.Assessment\HCA.LabReports.API\HCA.LabReports.API.csproj", "{9DE4CC37-C824-4D3F-B14D-700675AB686C}"
EndProject
Project("{9A19103F-16F7-4668-BE54-9A1E7A4F7556}") = "HCA.LabReports.BLL", "C:\Users\Admin\Desktop\HCA API\HCA.API.Assessment\HCA.LabReports.BLL\HCA.LabReports.BLL.csproj", "{BD37B712-A684-4953-B9C6-FBA561F2F1DE}"
EndProject
Project("{9A19103F-16F7-4668-BE54-9A1E7A4F7556}") = "HCA.LabReports.BO", "C:\Users\Admin\Desktop\HCA API\HCA.API.Assessment\HCA.LabReports.BO\HCA.LabReports.BO.csproj", "{DD8CB0B0-35CD-49A6-8A74-174F94F87050}"
EndProject
Project("{9A19103F-16F7-4668-BE54-9A1E7A4F7556}") = "HCA.LabReports.DAL", "C:\Users\Admin\Desktop\HCA API\HCA.API.Assessment\HCA.LabReports.DAL\HCA.LabReports.DAL.csproj", "{F72E24DB-2AEB-4820-A5E9-8C44C9476A2F}"
EndProject
Project("{9A19103F-16F7-4668-BE54-9A1E7A4F7556}") = "HCA.Utilities", "C:\Users\Admin\Desktop\HCA API\HCA.API.Assessment\HCA.Utilities\HCA.Utilities.csproj", "{1705B14E-B71C-41B4-B0C5-63927A0BB89B}"
EndProject
Project("{9A19103F-16F7-4668-BE54-9A1E7A4F7556}") = "HCA.UsersClient", "C:\Users\Admin\Desktop\HCA API\HCA.API.Assessment\HCA.UsersClient\HCA.UsersClient.csproj", "{5DD6F1D2-51D3-44D0-ADE1-EE03D9D30650}"
EndProject
Project("{9A19103F-16F7-4668-BE54-9A1E7A4F7556}") = "HCA.Users.BO", "C:\Users\Admin\Desktop\HCA API\HCA.API.Assessment\HCA.Users.BO\HCA.Users.BO.csproj", "{8376E9A5-1A5D-47F9-B515-45424B8DA3C7}"
EndProject
Project("{9A19103F-16F7-4668-BE54-9A1E7A4F7556}") = "HCA.Users.DAL", "C:\Users\Admin\Desktop\HCA API\HCA.API.Assessment\HCA.Users.DAL\HCA.Users.DAL.csproj", "{A4786653-0DD8-47A2-9356-129D2E48BAAC}"
EndProject
Project("{9A19103F-16F7-4668-BE54-9A1E7A4F7556}") = "HCA.LabReportsClient", "C:\Users\Admin\Desktop\HCA API\HCA.API.Assessment\HCA.LabReportsClient\HCA.LabReportsClient.csproj", "{B36ACA3F-21B3-452E-B512-479339942965}"
EndProject
Project("{9A19103F-16F7-4668-BE54-9A1E7A4F7556}") = "HCA.Patient.BLL", "C:\Users\Admin\Desktop\HCA API\HCA.API.Assessment\HCA.Patient.BLL\HCA.Patient.BLL.csproj", "{399AE266-6051-4CD9-93E4-3A8DAB1231C5}"
EndProject
Project("{9A19103F-16F7-4668-BE54-9A1E7A4F7556}") = "HCA.PatientClient", "C:\Users\Admin\Desktop\HCA API\HCA.API.Assessment\HCA.PatientClient\HCA.PatientClient.csproj", "{AABCA705-EFC2-42BF-95DF-55D7A68D0D15}"
EndProject
Project("{9A19103F-16F7-4668-BE54-9A1E7A4F7556}") = "HCA.Patient.BO", "C:\Users\Admin\Desktop\HCA API\HCA.API.Assessment\HCA.Patient.BO\HCA.Patient.BO.csproj", "{67F49090-7760-4BCB-AD9C-6785F447DA56}"
EndProject
Project("{9A19103F-16F7-4668-BE54-9A1E7A4F7556}") = "HCA.Patient.DAL", "C:\Users\Admin\Desktop\HCA API\HCA.API.Assessment\HCA.Patient.DAL\HCA.Patient.DAL.csproj", "{8B6E1FC0-1935-4B41-A6A8-101F8B1A6E34}"
EndProject
Project("{9A19103F-16F7-4668-BE54-9A1E7A4F7556}") = "HCA.Tests.BO", "C:\Users\Admin\Desktop\HCA API\HCA.API.Assessment\HCA.Tests.BO\HCA.Tests.BO.csproj", "{C53C1356-3217-4F6E-B471-4637C374262A}"
EndProject
Project("{9A19103F-16F7-4668-BE54-9A1E7A4F7556}") = "HCA.UserDetails.BO", "C:\Users\Admin\Desktop\HCA API\HCA.API.Assessment\HCA.UserDetails.BO\HCA.UserDetails.BO.csproj", "{5DA02946-0C9B-4DD9-9041-81D9E734E8C8}"
EndProject
Project("{9A19103F-16F7-4668-BE54-9A1E7A4F7556}") = "HCA.Users.BLL", "C:\Users\Admin\Desktop\HCA API\HCA.API.Assessment\HCA.Users.BLL\HCA.Users.BLL.csproj", "{44250A47-B07A-4477-BFF2-A69EBFD651C0}"
EndProject
Project("{2150E333-8FDC-42A3-9474-1A3956D46DE8}") = "Database backup", "Database backup", "{1C84454E-6419-453C-B856-2992874C6152}"
	ProjectSection(SolutionItems) = preProject
		..\Database\HCALapReport.bak = ..\Database\HCALapReport.bak
	EndProjectSection
EndProject
Project("{2150E333-8FDC-42A3-9474-1A3956D46DE8}") = "API", "API", "{F344A48B-9C2F-4AA6-A415-F0F557CF6F9F}"
EndProject
Project("{2150E333-8FDC-42A3-9474-1A3956D46DE8}") = "BO", "BO", "{AB37354C-D3C8-4DBC-BEB8-B778121B9620}"
EndProject
Project("{2150E333-8FDC-42A3-9474-1A3956D46DE8}") = "BLL", "BLL", "{FA9BC082-EF02-4851-841E-C52A82AE4D99}"
EndProject
Project("{2150E333-8FDC-42A3-9474-1A3956D46DE8}") = "DAL", "DAL", "{F218B2CA-60C2-48F8-A684-6AC56658BC3B}"
EndProject
Project("{2150E333-8FDC-42A3-9474-1A3956D46DE8}") = "Client", "Client", "{D0F9E0C0-7698-489D-9C6D-ED157745C0FD}"
EndProject
Project("{2150E333-8FDC-42A3-9474-1A3956D46DE8}") = "Utilites", "Utilites", "{4C1E1ABC-DDAE-4526-BDB2-100D743DFC22}"
EndProject
Global
	GlobalSection(SolutionConfigurationPlatforms) = preSolution
		Debug|Any CPU = Debug|Any CPU
		Release|Any CPU = Release|Any CPU
	EndGlobalSection
	GlobalSection(ProjectConfigurationPlatforms) = postSolution
		{9DE4CC37-C824-4D3F-B14D-700675AB686C}.Debug|Any CPU.ActiveCfg = Debug|Any CPU
		{9DE4CC37-C824-4D3F-B14D-700675AB686C}.Debug|Any CPU.Build.0 = Debug|Any CPU
		{9DE4CC37-C824-4D3F-B14D-700675AB686C}.Release|Any CPU.ActiveCfg = Release|Any CPU
		{9DE4CC37-C824-4D3F-B14D-700675AB686C}.Release|Any CPU.Build.0 = Release|Any CPU
		{BD37B712-A684-4953-B9C6-FBA561F2F1DE}.Debug|Any CPU.ActiveCfg = Debug|Any CPU
		{BD37B712-A684-4953-B9C6-FBA561F2F1DE}.Debug|Any CPU.Build.0 = Debug|Any CPU
		{BD37B712-A684-4953-B9C6-FBA561F2F1DE}.Release|Any CPU.ActiveCfg = Release|Any CPU
		{BD37B712-A684-4953-B9C6-FBA561F2F1DE}.Release|Any CPU.Build.0 = Release|Any CPU
		{DD8CB0B0-35CD-49A6-8A74-174F94F87050}.Debug|Any CPU.ActiveCfg = Debug|Any CPU
		{DD8CB0B0-35CD-49A6-8A74-174F94F87050}.Debug|Any CPU.Build.0 = Debug|Any CPU
		{DD8CB0B0-35CD-49A6-8A74-174F94F87050}.Release|Any CPU.ActiveCfg = Release|Any CPU
		{DD8CB0B0-35CD-49A6-8A74-174F94F87050}.Release|Any CPU.Build.0 = Release|Any CPU
		{F72E24DB-2AEB-4820-A5E9-8C44C9476A2F}.Debug|Any CPU.ActiveCfg = Debug|Any CPU
		{F72E24DB-2AEB-4820-A5E9-8C44C9476A2F}.Debug|Any CPU.Build.0 = Debug|Any CPU
		{F72E24DB-2AEB-4820-A5E9-8C44C9476A2F}.Release|Any CPU.ActiveCfg = Release|Any CPU
		{F72E24DB-2AEB-4820-A5E9-8C44C9476A2F}.Release|Any CPU.Build.0 = Release|Any CPU
		{1705B14E-B71C-41B4-B0C5-63927A0BB89B}.Debug|Any CPU.ActiveCfg = Debug|Any CPU
		{1705B14E-B71C-41B4-B0C5-63927A0BB89B}.Debug|Any CPU.Build.0 = Debug|Any CPU
		{1705B14E-B71C-41B4-B0C5-63927A0BB89B}.Release|Any CPU.ActiveCfg = Release|Any CPU
		{1705B14E-B71C-41B4-B0C5-63927A0BB89B}.Release|Any CPU.Build.0 = Release|Any CPU
		{5DD6F1D2-51D3-44D0-ADE1-EE03D9D30650}.Debug|Any CPU.ActiveCfg = Debug|Any CPU
		{5DD6F1D2-51D3-44D0-ADE1-EE03D9D30650}.Debug|Any CPU.Build.0 = Debug|Any CPU
		{5DD6F1D2-51D3-44D0-ADE1-EE03D9D30650}.Release|Any CPU.ActiveCfg = Release|Any CPU
		{5DD6F1D2-51D3-44D0-ADE1-EE03D9D30650}.Release|Any CPU.Build.0 = Release|Any CPU
		{8376E9A5-1A5D-47F9-B515-45424B8DA3C7}.Debug|Any CPU.ActiveCfg = Debug|Any CPU
		{8376E9A5-1A5D-47F9-B515-45424B8DA3C7}.Debug|Any CPU.Build.0 = Debug|Any CPU
		{8376E9A5-1A5D-47F9-B515-45424B8DA3C7}.Release|Any CPU.ActiveCfg = Release|Any CPU
		{8376E9A5-1A5D-47F9-B515-45424B8DA3C7}.Release|Any CPU.Build.0 = Release|Any CPU
		{A4786653-0DD8-47A2-9356-129D2E48BAAC}.Debug|Any CPU.ActiveCfg = Debug|Any CPU
		{A4786653-0DD8-47A2-9356-129D2E48BAAC}.Debug|Any CPU.Build.0 = Debug|Any CPU
		{A4786653-0DD8-47A2-9356-129D2E48BAAC}.Release|Any CPU.ActiveCfg = Release|Any CPU
		{A4786653-0DD8-47A2-9356-129D2E48BAAC}.Release|Any CPU.Build.0 = Release|Any CPU
		{B36ACA3F-21B3-452E-B512-479339942965}.Debug|Any CPU.ActiveCfg = Debug|Any CPU
		{B36ACA3F-21B3-452E-B512-479339942965}.Debug|Any CPU.Build.0 = Debug|Any CPU
		{B36ACA3F-21B3-452E-B512-479339942965}.Release|Any CPU.ActiveCfg = Release|Any CPU
		{B36ACA3F-21B3-452E-B512-479339942965}.Release|Any CPU.Build.0 = Release|Any CPU
		{399AE266-6051-4CD9-93E4-3A8DAB1231C5}.Debug|Any CPU.ActiveCfg = Debug|Any CPU
		{399AE266-6051-4CD9-93E4-3A8DAB1231C5}.Debug|Any CPU.Build.0 = Debug|Any CPU
		{399AE266-6051-4CD9-93E4-3A8DAB1231C5}.Release|Any CPU.ActiveCfg = Release|Any CPU
		{399AE266-6051-4CD9-93E4-3A8DAB1231C5}.Release|Any CPU.Build.0 = Release|Any CPU
		{AABCA705-EFC2-42BF-95DF-55D7A68D0D15}.Debug|Any CPU.ActiveCfg = Debug|Any CPU
		{AABCA705-EFC2-42BF-95DF-55D7A68D0D15}.Debug|Any CPU.Build.0 = Debug|Any CPU
		{AABCA705-EFC2-42BF-95DF-55D7A68D0D15}.Release|Any CPU.ActiveCfg = Release|Any CPU
		{AABCA705-EFC2-42BF-95DF-55D7A68D0D15}.Release|Any CPU.Build.0 = Release|Any CPU
		{67F49090-7760-4BCB-AD9C-6785F447DA56}.Debug|Any CPU.ActiveCfg = Debug|Any CPU
		{67F49090-7760-4BCB-AD9C-6785F447DA56}.Debug|Any CPU.Build.0 = Debug|Any CPU
		{67F49090-7760-4BCB-AD9C-6785F447DA56}.Release|Any CPU.ActiveCfg = Release|Any CPU
		{67F49090-7760-4BCB-AD9C-6785F447DA56}.Release|Any CPU.Build.0 = Release|Any CPU
		{8B6E1FC0-1935-4B41-A6A8-101F8B1A6E34}.Debug|Any CPU.ActiveCfg = Debug|Any CPU
		{8B6E1FC0-1935-4B41-A6A8-101F8B1A6E34}.Debug|Any CPU.Build.0 = Debug|Any CPU
		{8B6E1FC0-1935-4B41-A6A8-101F8B1A6E34}.Release|Any CPU.ActiveCfg = Release|Any CPU
		{8B6E1FC0-1935-4B41-A6A8-101F8B1A6E34}.Release|Any CPU.Build.0 = Release|Any CPU
		{C53C1356-3217-4F6E-B471-4637C374262A}.Debug|Any CPU.ActiveCfg = Debug|Any CPU
		{C53C1356-3217-4F6E-B471-4637C374262A}.Debug|Any CPU.Build.0 = Debug|Any CPU
		{C53C1356-3217-4F6E-B471-4637C374262A}.Release|Any CPU.ActiveCfg = Release|Any CPU
		{C53C1356-3217-4F6E-B471-4637C374262A}.Release|Any CPU.Build.0 = Release|Any CPU
		{5DA02946-0C9B-4DD9-9041-81D9E734E8C8}.Debug|Any CPU.ActiveCfg = Debug|Any CPU
		{5DA02946-0C9B-4DD9-9041-81D9E734E8C8}.Debug|Any CPU.Build.0 = Debug|Any CPU
		{5DA02946-0C9B-4DD9-9041-81D9E734E8C8}.Release|Any CPU.ActiveCfg = Release|Any CPU
		{5DA02946-0C9B-4DD9-9041-81D9E734E8C8}.Release|Any CPU.Build.0 = Release|Any CPU
		{44250A47-B07A-4477-BFF2-A69EBFD651C0}.Debug|Any CPU.ActiveCfg = Debug|Any CPU
		{44250A47-B07A-4477-BFF2-A69EBFD651C0}.Debug|Any CPU.Build.0 = Debug|Any CPU
		{44250A47-B07A-4477-BFF2-A69EBFD651C0}.Release|Any CPU.ActiveCfg = Release|Any CPU
		{44250A47-B07A-4477-BFF2-A69EBFD651C0}.Release|Any CPU.Build.0 = Release|Any CPU
	EndGlobalSection
	GlobalSection(SolutionProperties) = preSolution
		HideSolutionNode = FALSE
	EndGlobalSection
	GlobalSection(NestedProjects) = preSolution
		{9DE4CC37-C824-4D3F-B14D-700675AB686C} = {F344A48B-9C2F-4AA6-A415-F0F557CF6F9F}
		{BD37B712-A684-4953-B9C6-FBA561F2F1DE} = {FA9BC082-EF02-4851-841E-C52A82AE4D99}
		{DD8CB0B0-35CD-49A6-8A74-174F94F87050} = {AB37354C-D3C8-4DBC-BEB8-B778121B9620}
		{F72E24DB-2AEB-4820-A5E9-8C44C9476A2F} = {F218B2CA-60C2-48F8-A684-6AC56658BC3B}
		{1705B14E-B71C-41B4-B0C5-63927A0BB89B} = {4C1E1ABC-DDAE-4526-BDB2-100D743DFC22}
		{5DD6F1D2-51D3-44D0-ADE1-EE03D9D30650} = {D0F9E0C0-7698-489D-9C6D-ED157745C0FD}
		{8376E9A5-1A5D-47F9-B515-45424B8DA3C7} = {AB37354C-D3C8-4DBC-BEB8-B778121B9620}
		{A4786653-0DD8-47A2-9356-129D2E48BAAC} = {F218B2CA-60C2-48F8-A684-6AC56658BC3B}
		{B36ACA3F-21B3-452E-B512-479339942965} = {D0F9E0C0-7698-489D-9C6D-ED157745C0FD}
		{399AE266-6051-4CD9-93E4-3A8DAB1231C5} = {FA9BC082-EF02-4851-841E-C52A82AE4D99}
		{AABCA705-EFC2-42BF-95DF-55D7A68D0D15} = {D0F9E0C0-7698-489D-9C6D-ED157745C0FD}
		{67F49090-7760-4BCB-AD9C-6785F447DA56} = {AB37354C-D3C8-4DBC-BEB8-B778121B9620}
		{8B6E1FC0-1935-4B41-A6A8-101F8B1A6E34} = {F218B2CA-60C2-48F8-A684-6AC56658BC3B}
		{C53C1356-3217-4F6E-B471-4637C374262A} = {AB37354C-D3C8-4DBC-BEB8-B778121B9620}
		{5DA02946-0C9B-4DD9-9041-81D9E734E8C8} = {AB37354C-D3C8-4DBC-BEB8-B778121B9620}
		{44250A47-B07A-4477-BFF2-A69EBFD651C0} = {FA9BC082-EF02-4851-841E-C52A82AE4D99}
	EndGlobalSection
	GlobalSection(ExtensibilityGlobals) = postSolution
		SolutionGuid = {1CCAB5EC-947D-4F02-9513-8FBA4A41390F}
	EndGlobalSection
EndGlobal
