
Microsoft Visual Studio Solution File, Format Version 12.00
# Visual Studio Version 16
VisualStudioVersion = 16.0.31729.503
MinimumVisualStudioVersion = 10.0.40219.1
Project("{2150E333-8FDC-42A3-9474-1A3956D46DE8}") = "Database backup", "Database backup", "{1C84454E-6419-453C-B856-2992874C6152}"
	ProjectSection(SolutionItems) = preProject
		..\Database\HCALapReport.bak = ..\Database\HCALapReport.bak
	EndProjectSection
EndProject
Project("{2150E333-8FDC-42A3-9474-1A3956D46DE8}") = "API", "API", "{F344A48B-9C2F-4AA6-A415-F0F557CF6F9F}"
EndProject
Project("{2150E333-8FDC-42A3-9474-1A3956D46DE8}") = "BO", "BO", "{AB37354C-D3C8-4DBC-BEB8-B778121B9620}"
EndProject
Project("{2150E333-8FDC-42A3-9474-1A3956D46DE8}") = "BLL", "BLL", "{FA9BC082-EF02-4851-841E-C52A82AE4D99}"
EndProject
Project("{2150E333-8FDC-42A3-9474-1A3956D46DE8}") = "DAL", "DAL", "{F218B2CA-60C2-48F8-A684-6AC56658BC3B}"
EndProject
Project("{2150E333-8FDC-42A3-9474-1A3956D46DE8}") = "Client", "Client", "{D0F9E0C0-7698-489D-9C6D-ED157745C0FD}"
EndProject
Project("{2150E333-8FDC-42A3-9474-1A3956D46DE8}") = "Utilites", "Utilites", "{4C1E1ABC-DDAE-4526-BDB2-100D743DFC22}"
EndProject
Project("{9A19103F-16F7-4668-BE54-9A1E7A4F7556}") = "HCA.Utilities", "..\HCA.Utilities\HCA.Utilities.csproj", "{D544629D-7108-4EFC-9292-F5ACBC9CBA0B}"
EndProject
Project("{9A19103F-16F7-4668-BE54-9A1E7A4F7556}") = "HCA.LabReports.BLL", "..\HCA.LabReports.BLL\HCA.LabReports.BLL.csproj", "{0498C7A3-A048-4A81-B391-3101C4609830}"
EndProject
Project("{9A19103F-16F7-4668-BE54-9A1E7A4F7556}") = "HCA.Patient.BLL", "..\HCA.Patient.BLL\HCA.Patient.BLL.csproj", "{72965B78-3BCC-4A97-B618-C11DCB54FB8D}"
EndProject
Project("{9A19103F-16F7-4668-BE54-9A1E7A4F7556}") = "HCA.Users.BLL", "..\HCA.Users.BLL\HCA.Users.BLL.csproj", "{7286A1F2-C3F8-4FB7-B688-159C7E604646}"
EndProject
Project("{9A19103F-16F7-4668-BE54-9A1E7A4F7556}") = "HCA.LabReports.BO", "..\HCA.LabReports.BO\HCA.LabReports.BO.csproj", "{97B457EC-C9DA-469F-AC17-AC2231C5694E}"
EndProject
Project("{9A19103F-16F7-4668-BE54-9A1E7A4F7556}") = "HCA.Patient.BO", "..\HCA.Patient.BO\HCA.Patient.BO.csproj", "{BAE4C365-E309-476E-A278-6C818E458EE9}"
EndProject
Project("{9A19103F-16F7-4668-BE54-9A1E7A4F7556}") = "HCA.Tests.BO", "..\HCA.Tests.BO\HCA.Tests.BO.csproj", "{05A93F92-9E09-48EF-8D24-733D989AF0B2}"
EndProject
Project("{9A19103F-16F7-4668-BE54-9A1E7A4F7556}") = "HCA.Users.BO", "..\HCA.Users.BO\HCA.Users.BO.csproj", "{9B9626BE-8D65-490E-AA9D-412B2BEDCBAE}"
EndProject
Project("{9A19103F-16F7-4668-BE54-9A1E7A4F7556}") = "HCA.LabReportsClient", "..\HCA.LabReportsClient\HCA.LabReportsClient.csproj", "{5663FA72-010B-4FC0-B763-FD48C7AA7FEA}"
EndProject
Project("{9A19103F-16F7-4668-BE54-9A1E7A4F7556}") = "HCA.PatientClient", "..\HCA.PatientClient\HCA.PatientClient.csproj", "{7CFD06D8-74D3-4021-8944-3999664B95E2}"
EndProject
Project("{9A19103F-16F7-4668-BE54-9A1E7A4F7556}") = "HCA.UsersClient", "..\HCA.UsersClient\HCA.UsersClient.csproj", "{43CF598A-E4CA-471D-9A12-8F94ACD99746}"
EndProject
Project("{9A19103F-16F7-4668-BE54-9A1E7A4F7556}") = "HCA.Patient.DAL", "..\HCA.Patient.DAL\HCA.Patient.DAL.csproj", "{26AE23DC-8EC1-4FF0-89A4-EA0089DD2126}"
EndProject
Project("{9A19103F-16F7-4668-BE54-9A1E7A4F7556}") = "HCA.Users.DAL", "..\HCA.Users.DAL\HCA.Users.DAL.csproj", "{A8B6050C-7184-49AD-8826-B7AF69AF4CDE}"
EndProject
Project("{9A19103F-16F7-4668-BE54-9A1E7A4F7556}") = "HCA.LabReports.DAL", "..\HCA.LabReports.DAL\HCA.LabReports.DAL.csproj", "{60E081F8-3A15-4B5F-B129-193A2A010B09}"
EndProject
Project("{FAE04EC0-301F-11D3-BF4B-00C04F79EFBC}") = "ATOS.HCA.API", "..\ATOS.HCA.API\ATOS.HCA.API.csproj", "{C27107DE-198A-49D1-8577-0B66181A98FF}"
EndProject
Project("{2150E333-8FDC-42A3-9474-1A3956D46DE8}") = "DB Diagram", "DB Diagram", "{ECD792DE-F5E2-4717-B7BA-0A2953B57499}"
	ProjectSection(SolutionItems) = preProject
		..\Database\ATOS HCA DB Diagram.png = ..\Database\ATOS HCA DB Diagram.png
	EndProjectSection
EndProject
Global
	GlobalSection(SolutionConfigurationPlatforms) = preSolution
		Debug|Any CPU = Debug|Any CPU
		Release|Any CPU = Release|Any CPU
	EndGlobalSection
	GlobalSection(ProjectConfigurationPlatforms) = postSolution
		{D544629D-7108-4EFC-9292-F5ACBC9CBA0B}.Debug|Any CPU.ActiveCfg = Debug|Any CPU
		{D544629D-7108-4EFC-9292-F5ACBC9CBA0B}.Debug|Any CPU.Build.0 = Debug|Any CPU
		{D544629D-7108-4EFC-9292-F5ACBC9CBA0B}.Release|Any CPU.ActiveCfg = Release|Any CPU
		{D544629D-7108-4EFC-9292-F5ACBC9CBA0B}.Release|Any CPU.Build.0 = Release|Any CPU
		{0498C7A3-A048-4A81-B391-3101C4609830}.Debug|Any CPU.ActiveCfg = Debug|Any CPU
		{0498C7A3-A048-4A81-B391-3101C4609830}.Debug|Any CPU.Build.0 = Debug|Any CPU
		{0498C7A3-A048-4A81-B391-3101C4609830}.Release|Any CPU.ActiveCfg = Release|Any CPU
		{0498C7A3-A048-4A81-B391-3101C4609830}.Release|Any CPU.Build.0 = Release|Any CPU
		{72965B78-3BCC-4A97-B618-C11DCB54FB8D}.Debug|Any CPU.ActiveCfg = Debug|Any CPU
		{72965B78-3BCC-4A97-B618-C11DCB54FB8D}.Debug|Any CPU.Build.0 = Debug|Any CPU
		{72965B78-3BCC-4A97-B618-C11DCB54FB8D}.Release|Any CPU.ActiveCfg = Release|Any CPU
		{72965B78-3BCC-4A97-B618-C11DCB54FB8D}.Release|Any CPU.Build.0 = Release|Any CPU
		{7286A1F2-C3F8-4FB7-B688-159C7E604646}.Debug|Any CPU.ActiveCfg = Debug|Any CPU
		{7286A1F2-C3F8-4FB7-B688-159C7E604646}.Debug|Any CPU.Build.0 = Debug|Any CPU
		{7286A1F2-C3F8-4FB7-B688-159C7E604646}.Release|Any CPU.ActiveCfg = Release|Any CPU
		{7286A1F2-C3F8-4FB7-B688-159C7E604646}.Release|Any CPU.Build.0 = Release|Any CPU
		{97B457EC-C9DA-469F-AC17-AC2231C5694E}.Debug|Any CPU.ActiveCfg = Debug|Any CPU
		{97B457EC-C9DA-469F-AC17-AC2231C5694E}.Debug|Any CPU.Build.0 = Debug|Any CPU
		{97B457EC-C9DA-469F-AC17-AC2231C5694E}.Release|Any CPU.ActiveCfg = Release|Any CPU
		{97B457EC-C9DA-469F-AC17-AC2231C5694E}.Release|Any CPU.Build.0 = Release|Any CPU
		{BAE4C365-E309-476E-A278-6C818E458EE9}.Debug|Any CPU.ActiveCfg = Debug|Any CPU
		{BAE4C365-E309-476E-A278-6C818E458EE9}.Debug|Any CPU.Build.0 = Debug|Any CPU
		{BAE4C365-E309-476E-A278-6C818E458EE9}.Release|Any CPU.ActiveCfg = Release|Any CPU
		{BAE4C365-E309-476E-A278-6C818E458EE9}.Release|Any CPU.Build.0 = Release|Any CPU
		{05A93F92-9E09-48EF-8D24-733D989AF0B2}.Debug|Any CPU.ActiveCfg = Debug|Any CPU
		{05A93F92-9E09-48EF-8D24-733D989AF0B2}.Debug|Any CPU.Build.0 = Debug|Any CPU
		{05A93F92-9E09-48EF-8D24-733D989AF0B2}.Release|Any CPU.ActiveCfg = Release|Any CPU
		{05A93F92-9E09-48EF-8D24-733D989AF0B2}.Release|Any CPU.Build.0 = Release|Any CPU
		{9B9626BE-8D65-490E-AA9D-412B2BEDCBAE}.Debug|Any CPU.ActiveCfg = Debug|Any CPU
		{9B9626BE-8D65-490E-AA9D-412B2BEDCBAE}.Debug|Any CPU.Build.0 = Debug|Any CPU
		{9B9626BE-8D65-490E-AA9D-412B2BEDCBAE}.Release|Any CPU.ActiveCfg = Release|Any CPU
		{9B9626BE-8D65-490E-AA9D-412B2BEDCBAE}.Release|Any CPU.Build.0 = Release|Any CPU
		{5663FA72-010B-4FC0-B763-FD48C7AA7FEA}.Debug|Any CPU.ActiveCfg = Debug|Any CPU
		{5663FA72-010B-4FC0-B763-FD48C7AA7FEA}.Debug|Any CPU.Build.0 = Debug|Any CPU
		{5663FA72-010B-4FC0-B763-FD48C7AA7FEA}.Release|Any CPU.ActiveCfg = Release|Any CPU
		{5663FA72-010B-4FC0-B763-FD48C7AA7FEA}.Release|Any CPU.Build.0 = Release|Any CPU
		{7CFD06D8-74D3-4021-8944-3999664B95E2}.Debug|Any CPU.ActiveCfg = Debug|Any CPU
		{7CFD06D8-74D3-4021-8944-3999664B95E2}.Debug|Any CPU.Build.0 = Debug|Any CPU
		{7CFD06D8-74D3-4021-8944-3999664B95E2}.Release|Any CPU.ActiveCfg = Release|Any CPU
		{7CFD06D8-74D3-4021-8944-3999664B95E2}.Release|Any CPU.Build.0 = Release|Any CPU
		{43CF598A-E4CA-471D-9A12-8F94ACD99746}.Debug|Any CPU.ActiveCfg = Debug|Any CPU
		{43CF598A-E4CA-471D-9A12-8F94ACD99746}.Debug|Any CPU.Build.0 = Debug|Any CPU
		{43CF598A-E4CA-471D-9A12-8F94ACD99746}.Release|Any CPU.ActiveCfg = Release|Any CPU
		{43CF598A-E4CA-471D-9A12-8F94ACD99746}.Release|Any CPU.Build.0 = Release|Any CPU
		{26AE23DC-8EC1-4FF0-89A4-EA0089DD2126}.Debug|Any CPU.ActiveCfg = Debug|Any CPU
		{26AE23DC-8EC1-4FF0-89A4-EA0089DD2126}.Debug|Any CPU.Build.0 = Debug|Any CPU
		{26AE23DC-8EC1-4FF0-89A4-EA0089DD2126}.Release|Any CPU.ActiveCfg = Release|Any CPU
		{26AE23DC-8EC1-4FF0-89A4-EA0089DD2126}.Release|Any CPU.Build.0 = Release|Any CPU
		{A8B6050C-7184-49AD-8826-B7AF69AF4CDE}.Debug|Any CPU.ActiveCfg = Debug|Any CPU
		{A8B6050C-7184-49AD-8826-B7AF69AF4CDE}.Debug|Any CPU.Build.0 = Debug|Any CPU
		{A8B6050C-7184-49AD-8826-B7AF69AF4CDE}.Release|Any CPU.ActiveCfg = Release|Any CPU
		{A8B6050C-7184-49AD-8826-B7AF69AF4CDE}.Release|Any CPU.Build.0 = Release|Any CPU
		{60E081F8-3A15-4B5F-B129-193A2A010B09}.Debug|Any CPU.ActiveCfg = Debug|Any CPU
		{60E081F8-3A15-4B5F-B129-193A2A010B09}.Debug|Any CPU.Build.0 = Debug|Any CPU
		{60E081F8-3A15-4B5F-B129-193A2A010B09}.Release|Any CPU.ActiveCfg = Release|Any CPU
		{60E081F8-3A15-4B5F-B129-193A2A010B09}.Release|Any CPU.Build.0 = Release|Any CPU
		{C27107DE-198A-49D1-8577-0B66181A98FF}.Debug|Any CPU.ActiveCfg = Debug|Any CPU
		{C27107DE-198A-49D1-8577-0B66181A98FF}.Debug|Any CPU.Build.0 = Debug|Any CPU
		{C27107DE-198A-49D1-8577-0B66181A98FF}.Release|Any CPU.ActiveCfg = Release|Any CPU
		{C27107DE-198A-49D1-8577-0B66181A98FF}.Release|Any CPU.Build.0 = Release|Any CPU
	EndGlobalSection
	GlobalSection(SolutionProperties) = preSolution
		HideSolutionNode = FALSE
	EndGlobalSection
	GlobalSection(NestedProjects) = preSolution
		{D544629D-7108-4EFC-9292-F5ACBC9CBA0B} = {4C1E1ABC-DDAE-4526-BDB2-100D743DFC22}
		{0498C7A3-A048-4A81-B391-3101C4609830} = {FA9BC082-EF02-4851-841E-C52A82AE4D99}
		{72965B78-3BCC-4A97-B618-C11DCB54FB8D} = {FA9BC082-EF02-4851-841E-C52A82AE4D99}
		{7286A1F2-C3F8-4FB7-B688-159C7E604646} = {FA9BC082-EF02-4851-841E-C52A82AE4D99}
		{97B457EC-C9DA-469F-AC17-AC2231C5694E} = {AB37354C-D3C8-4DBC-BEB8-B778121B9620}
		{BAE4C365-E309-476E-A278-6C818E458EE9} = {AB37354C-D3C8-4DBC-BEB8-B778121B9620}
		{05A93F92-9E09-48EF-8D24-733D989AF0B2} = {AB37354C-D3C8-4DBC-BEB8-B778121B9620}
		{9B9626BE-8D65-490E-AA9D-412B2BEDCBAE} = {AB37354C-D3C8-4DBC-BEB8-B778121B9620}
		{5663FA72-010B-4FC0-B763-FD48C7AA7FEA} = {D0F9E0C0-7698-489D-9C6D-ED157745C0FD}
		{7CFD06D8-74D3-4021-8944-3999664B95E2} = {D0F9E0C0-7698-489D-9C6D-ED157745C0FD}
		{43CF598A-E4CA-471D-9A12-8F94ACD99746} = {D0F9E0C0-7698-489D-9C6D-ED157745C0FD}
		{26AE23DC-8EC1-4FF0-89A4-EA0089DD2126} = {F218B2CA-60C2-48F8-A684-6AC56658BC3B}
		{A8B6050C-7184-49AD-8826-B7AF69AF4CDE} = {F218B2CA-60C2-48F8-A684-6AC56658BC3B}
		{60E081F8-3A15-4B5F-B129-193A2A010B09} = {F218B2CA-60C2-48F8-A684-6AC56658BC3B}
		{C27107DE-198A-49D1-8577-0B66181A98FF} = {F344A48B-9C2F-4AA6-A415-F0F557CF6F9F}
	EndGlobalSection
	GlobalSection(ExtensibilityGlobals) = postSolution
		SolutionGuid = {1CCAB5EC-947D-4F02-9513-8FBA4A41390F}
	EndGlobalSection
EndGlobal
